
Microsoft Visual Studio Solution File, Format Version 12.00
# Visual Studio Version 17
VisualStudioVersion = 17.7.34024.191
MinimumVisualStudioVersion = 10.0.40219.1
Project("{FAE04EC0-301F-11D3-BF4B-00C04F79EFBC}") = "EasyCashProject.Entities", "EasyCashProject.Entities\EasyCashProject.Entities.csproj", "{8C83BABD-7664-4DB3-B2D7-3B1C514D0C82}"
EndProject
Project("{FAE04EC0-301F-11D3-BF4B-00C04F79EFBC}") = "EasyCashProject.DataAccess", "EasyCashProject.DataAccess\EasyCashProject.DataAccess.csproj", "{BDC6BBBE-A0F9-44AB-A769-CE4A16A0F48C}"
EndProject
Project("{FAE04EC0-301F-11D3-BF4B-00C04F79EFBC}") = "EasyCashProject.Business", "EasyCashProject.Business\EasyCashProject.Business.csproj", "{C25A71E2-62CA-4CC1-87EB-33E0C572C693}"
EndProject
Project("{FAE04EC0-301F-11D3-BF4B-00C04F79EFBC}") = "EasyCashProject.DTO", "EasyCashProject.DTO\EasyCashProject.DTO.csproj", "{6B74AB2C-D7A6-423C-AB0E-4E378E9A207F}"
EndProject
Project("{FAE04EC0-301F-11D3-BF4B-00C04F79EFBC}") = "EasyCashProject.Presentation", "EasyCashProject.Presentation\EasyCashProject.Presentation.csproj", "{FFDFFB66-0527-4FD5-9A71-5CE027F979F6}"
EndProject
Global
	GlobalSection(SolutionConfigurationPlatforms) = preSolution
		Debug|Any CPU = Debug|Any CPU
		Release|Any CPU = Release|Any CPU
	EndGlobalSection
	GlobalSection(ProjectConfigurationPlatforms) = postSolution
		{8C83BABD-7664-4DB3-B2D7-3B1C514D0C82}.Debug|Any CPU.ActiveCfg = Debug|Any CPU
		{8C83BABD-7664-4DB3-B2D7-3B1C514D0C82}.Debug|Any CPU.Build.0 = Debug|Any CPU
		{8C83BABD-7664-4DB3-B2D7-3B1C514D0C82}.Release|Any CPU.ActiveCfg = Release|Any CPU
		{8C83BABD-7664-4DB3-B2D7-3B1C514D0C82}.Release|Any CPU.Build.0 = Release|Any CPU
		{BDC6BBBE-A0F9-44AB-A769-CE4A16A0F48C}.Debug|Any CPU.ActiveCfg = Debug|Any CPU
		{BDC6BBBE-A0F9-44AB-A769-CE4A16A0F48C}.Debug|Any CPU.Build.0 = Debug|Any CPU
		{BDC6BBBE-A0F9-44AB-A769-CE4A16A0F48C}.Release|Any CPU.ActiveCfg = Release|Any CPU
		{BDC6BBBE-A0F9-44AB-A769-CE4A16A0F48C}.Release|Any CPU.Build.0 = Release|Any CPU
		{C25A71E2-62CA-4CC1-87EB-33E0C572C693}.Debug|Any CPU.ActiveCfg = Debug|Any CPU
		{C25A71E2-62CA-4CC1-87EB-33E0C572C693}.Debug|Any CPU.Build.0 = Debug|Any CPU
		{C25A71E2-62CA-4CC1-87EB-33E0C572C693}.Release|Any CPU.ActiveCfg = Release|Any CPU
		{C25A71E2-62CA-4CC1-87EB-33E0C572C693}.Release|Any CPU.Build.0 = Release|Any CPU
		{6B74AB2C-D7A6-423C-AB0E-4E378E9A207F}.Debug|Any CPU.ActiveCfg = Debug|Any CPU
		{6B74AB2C-D7A6-423C-AB0E-4E378E9A207F}.Debug|Any CPU.Build.0 = Debug|Any CPU
		{6B74AB2C-D7A6-423C-AB0E-4E378E9A207F}.Release|Any CPU.ActiveCfg = Release|Any CPU
		{6B74AB2C-D7A6-423C-AB0E-4E378E9A207F}.Release|Any CPU.Build.0 = Release|Any CPU
		{FFDFFB66-0527-4FD5-9A71-5CE027F979F6}.Debug|Any CPU.ActiveCfg = Debug|Any CPU
		{FFDFFB66-0527-4FD5-9A71-5CE027F979F6}.Debug|Any CPU.Build.0 = Debug|Any CPU
		{FFDFFB66-0527-4FD5-9A71-5CE027F979F6}.Release|Any CPU.ActiveCfg = Release|Any CPU
		{FFDFFB66-0527-4FD5-9A71-5CE027F979F6}.Release|Any CPU.Build.0 = Release|Any CPU
	EndGlobalSection
	GlobalSection(SolutionProperties) = preSolution
		HideSolutionNode = FALSE
	EndGlobalSection
	GlobalSection(ExtensibilityGlobals) = postSolution
		SolutionGuid = {4FBDBBE8-B639-46FA-B03D-AD8645EF045E}
	EndGlobalSection
EndGlobal
